
Microsoft Visual Studio Solution File, Format Version 12.00
# Visual Studio Version 17
VisualStudioVersion = 17.9.34607.119
MinimumVisualStudioVersion = 10.0.40219.1
Project("{2150E333-8FDC-42A3-9474-1A3956D46DE8}") = "Chapter01", "Chapter01", "{93E40DD7-713F-41D6-93B2-5A8D9F8DB63F}"
EndProject
Project("{FAE04EC0-301F-11D3-BF4B-00C04F79EFBC}") = "ProductSample", "Chapter01\ProductSample\ProductSample.csproj", "{9695937F-69FF-424F-8F43-60A58E31F0C7}"
EndProject
Project("{FAE04EC0-301F-11D3-BF4B-00C04F79EFBC}") = "Sample_p38", "Chapter01\Sample_p38\Sample_p38.csproj", "{A40E29D6-F609-40C3-B562-FC28CA033B1E}"
EndProject
Project("{2150E333-8FDC-42A3-9474-1A3956D46DE8}") = "Chapter02", "Chapter02", "{A7B1CD48-3EE3-4CAE-82A6-83E67F558BF9}"
EndProject
Project("{2150E333-8FDC-42A3-9474-1A3956D46DE8}") = "距離換算プログラム", "距離換算プログラム", "{029739F4-4FBC-46C4-9975-F50A9AE44430}"
EndProject
Project("{FAE04EC0-301F-11D3-BF4B-00C04F79EFBC}") = "DistanceConverter", "Chapter02\DistanceConverter\DistanceConverter.csproj", "{04CEDBE3-15A8-4ED7-8E68-6B2BE5E72826}"
EndProject
Project("{2150E333-8FDC-42A3-9474-1A3956D46DE8}") = "売上集計プログラム", "売上集計プログラム", "{F002CE5F-BFF9-4B14-B6D1-2B0184351375}"
EndProject
Project("{FAE04EC0-301F-11D3-BF4B-00C04F79EFBC}") = "SalesCounter", "Chapter02\SalesCounter\SalesCounter.csproj", "{CF349533-B65C-463F-994E-C5B20BA86CF1}"
EndProject
Project("{2150E333-8FDC-42A3-9474-1A3956D46DE8}") = "#演習問題", "#演習問題", "{40ACD14B-EF7E-4C7E-98B4-8814C0C2966B}"
EndProject
Project("{FAE04EC0-301F-11D3-BF4B-00C04F79EFBC}") = "Exercise1", "Chapter02\演習問題\Exercise1\Exercise1.csproj", "{67ED775C-6F32-430D-BFBD-709B1E2B965B}"
EndProject
Project("{FAE04EC0-301F-11D3-BF4B-00C04F79EFBC}") = "Exercise2", "Chapter02\演習問題\Exercise2\Exercise2.csproj", "{17A7F4BE-C1AE-4831-A1EE-DC20848F9AD9}"
EndProject
Project("{2150E333-8FDC-42A3-9474-1A3956D46DE8}") = "FormApps", "FormApps", "{C0A4DD68-AFBE-400E-8055-D1942BED34CC}"
EndProject
Project("{9A19103F-16F7-4668-BE54-9A1E7A4F7556}") = "BallApps", "FormApps\BallApps\BallApps.csproj", "{DD3DFFE5-02D4-4A83-A82E-420F88626A32}"
EndProject
Project("{2150E333-8FDC-42A3-9474-1A3956D46DE8}") = "Chapter03", "Chapter03", "{991DC188-4151-4F7D-821B-FB6B7E24738C}"
EndProject
Project("{FAE04EC0-301F-11D3-BF4B-00C04F79EFBC}") = "Section01", "Chapter03\Section01\Section01.csproj", "{EEED0B83-9010-4DF6-9447-C9B45CBA50C9}"
EndProject
Project("{2150E333-8FDC-42A3-9474-1A3956D46DE8}") = "演習問題", "演習問題", "{F658EAE6-1D04-404A-A8B4-3BE3A3DA04F8}"
EndProject
Project("{FAE04EC0-301F-11D3-BF4B-00C04F79EFBC}") = "Exercise01", "Chapter03\演習問題\Exercise01\Exercise01.csproj", "{5B38C310-8772-4D13-B63F-87C5262211F2}"
EndProject
Project("{FAE04EC0-301F-11D3-BF4B-00C04F79EFBC}") = "Exercise02", "Chapter03\演習問題\Exercise02\Exercise02.csproj", "{9A7BAAAF-D08B-4EAB-8224-469ADF8F5773}"
EndProject
Project("{2150E333-8FDC-42A3-9474-1A3956D46DE8}") = "chapter04", "chapter04", "{772A3F81-E699-4F53-AB13-66DD697863D5}"
EndProject
Project("{2150E333-8FDC-42A3-9474-1A3956D46DE8}") = "chapter08", "chapter08", "{D7EE0BBF-8C81-4D6E-B462-2CFF90639AD0}"
EndProject
Project("{2150E333-8FDC-42A3-9474-1A3956D46DE8}") = "chapter09", "chapter09", "{FAA12D57-779C-45D0-A217-8888F975E952}"
EndProject
Project("{FAE04EC0-301F-11D3-BF4B-00C04F79EFBC}") = "Section01", "chapter04\Section01\Section01.csproj", "{B38867EE-49AD-4BE4-921C-94A414B02CF6}"
EndProject
Project("{2150E333-8FDC-42A3-9474-1A3956D46DE8}") = "演習問題", "演習問題", "{96E55141-9800-405E-B690-014DFC5D0323}"
EndProject
Project("{FAE04EC0-301F-11D3-BF4B-00C04F79EFBC}") = "Exercise01", "chapter04\演習問題\Exercise01\Exercise01.csproj", "{73B2706B-ED65-45BE-9778-E3E354ADC2DD}"
EndProject
Project("{FAE04EC0-301F-11D3-BF4B-00C04F79EFBC}") = "Exercise02", "chapter04\演習問題\Exercise02\Exercise02.csproj", "{8B7554EF-FDCC-45D2-90D7-985064A34A8A}"
EndProject
Project("{2150E333-8FDC-42A3-9474-1A3956D46DE8}") = "chapter05", "chapter05", "{B1AAFEB5-7AE2-4BB2-A739-3DBC71F987A6}"
EndProject
Project("{2150E333-8FDC-42A3-9474-1A3956D46DE8}") = "演習問題", "演習問題", "{4556243B-2C26-412E-9400-2983F5E25B35}"
EndProject
Project("{FAE04EC0-301F-11D3-BF4B-00C04F79EFBC}") = "Exercise01", "chapter05\演習問題\Exercise01\Exercise01.csproj", "{8F162073-1A37-40C7-B25A-901B4CD826D3}"
EndProject
Project("{FAE04EC0-301F-11D3-BF4B-00C04F79EFBC}") = "Exercise02", "chapter05\演習問題\Exercise02\Exercise02.csproj", "{E5EAE0B2-98F6-4B93-9E39-30D1AB0175E0}"
EndProject
Project("{FAE04EC0-301F-11D3-BF4B-00C04F79EFBC}") = "Exercise03", "chapter05\演習問題\Exercise03\Exercise03.csproj", "{9A203E9F-5C11-469B-B528-BCECD8954D52}"
EndProject
Project("{FAE04EC0-301F-11D3-BF4B-00C04F79EFBC}") = "Exercise04", "chapter05\演習問題\Exercise04\Exercise04\Exercise04.csproj", "{9A772C4E-A62E-415A-A7D1-73C03C8737AC}"
EndProject
Project("{2150E333-8FDC-42A3-9474-1A3956D46DE8}") = "chapter06", "chapter06", "{444ED9D4-D880-4FDB-B982-897A6FDE47C8}"
EndProject
Project("{FAE04EC0-301F-11D3-BF4B-00C04F79EFBC}") = "Section01", "chapter06\Section01\Section01.csproj", "{044AB8F0-382E-4FA1-B119-78E4C2E05EFB}"
EndProject
Project("{2150E333-8FDC-42A3-9474-1A3956D46DE8}") = "演習問題", "演習問題", "{EB4533E4-139F-441F-A1C2-0DEF9940AF03}"
EndProject
Project("{FAE04EC0-301F-11D3-BF4B-00C04F79EFBC}") = "Exercise01", "chapter06\演習問題\Exercise01\Exercise01.csproj", "{78AF6A85-C4C6-4D09-9F4F-B42A94B1E87C}"
EndProject
Project("{FAE04EC0-301F-11D3-BF4B-00C04F79EFBC}") = "Exercise02", "chapter06\演習問題\Exercise02\Exercise02\Exercise02.csproj", "{4C48D5F2-8F8D-42AF-A709-E78E7867C4A6}"
EndProject
Project("{2150E333-8FDC-42A3-9474-1A3956D46DE8}") = "chapter07", "chapter07", "{D45C89CD-2348-4A8E-991C-ACAB9A2E5F8C}"
EndProject
Project("{FAE04EC0-301F-11D3-BF4B-00C04F79EFBC}") = "Section01", "chapter07\Section01\Section01.csproj", "{3FB2ACEC-6032-4313-A839-36C280D77AB7}"
EndProject
Project("{FAE04EC0-301F-11D3-BF4B-00C04F79EFBC}") = "Section02", "chapter07\Section02\Section02.csproj", "{37B6B0D7-B825-4EDB-9526-2827DB00AA8D}"
EndProject
Project("{2150E333-8FDC-42A3-9474-1A3956D46DE8}") = "Test2024", "Test2024", "{7D074719-AFB5-4BDC-BAFA-21DD4D201BA4}"
EndProject
Project("{FAE04EC0-301F-11D3-BF4B-00C04F79EFBC}") = "Test01", "TestProject\Test01\Test01.csproj", "{2BFACDC3-F44D-4199-8498-F5C3C4AC0335}"
EndProject
Project("{FAE04EC0-301F-11D3-BF4B-00C04F79EFBC}") = "Test02", "TestProject\Test02\Test02.csproj", "{E461C0A8-8900-485C-B520-E929BA33F712}"
EndProject
Project("{FAE04EC0-301F-11D3-BF4B-00C04F79EFBC}") = "Section03", "chapter07\Section03\Section03.csproj", "{D6686482-3964-4C02-B80C-31FEB40AE4C8}"
EndProject
Project("{FAE04EC0-301F-11D3-BF4B-00C04F79EFBC}") = "Section04", "chapter07\Section04\Section04.csproj", "{CD7CC689-15AE-4466-BD3E-4E88A65C8A30}"
EndProject
Project("{FAE04EC0-301F-11D3-BF4B-00C04F79EFBC}") = "Section01", "chapter08\Section01\Section01.csproj", "{0DFFF069-0424-460B-87E5-83983EEA5015}"
EndProject
Project("{9A19103F-16F7-4668-BE54-9A1E7A4F7556}") = "DateTimeApp", "FormApps\DateTimeApp\DateTimeApp.csproj", "{F1539EFE-7BA8-4527-84EF-7348F6E9FDF6}"
EndProject
Project("{2150E333-8FDC-42A3-9474-1A3956D46DE8}") = "演習問題", "演習問題", "{0F458B90-6265-4064-980B-412795848B2C}"
EndProject
Project("{9A19103F-16F7-4668-BE54-9A1E7A4F7556}") = "Exercise01", "chapter08\演習問題\Exercise01\Exercise01.csproj", "{4725EABD-106E-4001-A60D-B6CDDB80D000}"
EndProject
Project("{9A19103F-16F7-4668-BE54-9A1E7A4F7556}") = "CarReportSystem", "FormApps\CarReportSystem\CarReportSystem.csproj", "{AD64E714-B40E-4C66-91C6-3BAE1038BC69}"
EndProject
Project("{2150E333-8FDC-42A3-9474-1A3956D46DE8}") = "Test2407", "Test2407", "{AD73F42B-7D3A-40C4-9B8B-DA4DA452B5E5}"
EndProject
Project("{FAE04EC0-301F-11D3-BF4B-00C04F79EFBC}") = "Test02", "TestProject\Test02_01\Test02.csproj", "{9629460F-6875-4F78-AFFB-A5FD0F63E783}"
EndProject
Project("{2150E333-8FDC-42A3-9474-1A3956D46DE8}") = "chapter11", "chapter11", "{5CAAEF7E-21BF-473D-9136-AC275F54825C}"
EndProject
Project("{FAE04EC0-301F-11D3-BF4B-00C04F79EFBC}") = "Section01", "chapter11\Section01\Section01.csproj", "{CD5964EB-AFEE-4D5E-8DE8-7FD477242481}"
EndProject
Project("{2150E333-8FDC-42A3-9474-1A3956D46DE8}") = "演習問題", "演習問題", "{D0D52B45-6F75-4776-A5E2-33CFC78A6C3F}"
EndProject
Project("{FAE04EC0-301F-11D3-BF4B-00C04F79EFBC}") = "Exercise01", "chapter11\演習問題\Exercise01\Exercise01.csproj", "{40F6910A-8BDB-4BA5-9AFC-AF845A98380B}"
EndProject
Project("{FAE04EC0-301F-11D3-BF4B-00C04F79EFBC}") = "Section02", "chapter11\Section02\Section02.csproj", "{81918027-978F-41A5-B570-D87FD8CFFEA2}"
EndProject
Project("{2150E333-8FDC-42A3-9474-1A3956D46DE8}") = "chapter12", "chapter12", "{8AEF553F-0B24-4A10-8A70-A8A61BCC859B}"
EndProject
Project("{FAE04EC0-301F-11D3-BF4B-00C04F79EFBC}") = "Section01", "chapter12\Section01\Section01.csproj", "{65689D78-3414-433E-A4E5-05F57C1C2C7A}"
EndProject
Project("{2150E333-8FDC-42A3-9474-1A3956D46DE8}") = "演習問題", "演習問題", "{F5916922-506B-435F-A963-32BB09C7E94F}"
EndProject
Project("{FAE04EC0-301F-11D3-BF4B-00C04F79EFBC}") = "Exercise01", "chapter12\演習問題\Exercise01\Exercise01.csproj", "{F5B1FBFF-F65F-4A3B-BD86-3041B3898DEC}"
EndProject
Project("{FAE04EC0-301F-11D3-BF4B-00C04F79EFBC}") = "Section02", "chapter12\Section02\Section02.csproj", "{310DA07C-A493-4159-8BD1-5E24A6F0D8D9}"
EndProject
Project("{FAE04EC0-301F-11D3-BF4B-00C04F79EFBC}") = "RssReader", "FormApps\RssReader\RssReader.csproj", "{7A6367B6-D4C6-441B-8638-54368F2E045D}"
EndProject
Project("{2150E333-8FDC-42A3-9474-1A3956D46DE8}") = "chapter13", "chapter13", "{154C9F9C-55F9-47F7-85CB-660CD595CA0F}"
EndProject
Project("{FAE04EC0-301F-11D3-BF4B-00C04F79EFBC}") = "SampleEntityFramework", "chapter13\SampleEntityFramework\SampleEntityFramework.csproj", "{F3D2105B-A7BD-42EA-B0A9-14056D649D8E}"
EndProject
Project("{FAE04EC0-301F-11D3-BF4B-00C04F79EFBC}") = "ADOSample", "FormApps\ADOSample\ADOSample.csproj", "{A1963150-0409-4FE4-926E-2EE0FA7DD4A0}"
EndProject
Project("{FAE04EC0-301F-11D3-BF4B-00C04F79EFBC}") = "Section01", "Chapter15\Section01\Section01.csproj", "{FD4CBE0B-0D49-420C-823C-61F31DE220C0}"
EndProject
Project("{2150E333-8FDC-42A3-9474-1A3956D46DE8}") = "chapter15", "chapter15", "{8C2DC523-6D3E-408A-9CF0-AE65E09962CE}"
EndProject
Project("{2150E333-8FDC-42A3-9474-1A3956D46DE8}") = "演習問題", "演習問題", "{C512ECC0-AC82-481C-B9E6-209A211FC62D}"
EndProject
Project("{FAE04EC0-301F-11D3-BF4B-00C04F79EFBC}") = "Exercise01", "Chapter15\演習問題\Exercise01\Exercise01.csproj", "{F018A501-1032-4BB1-823C-65FCAA2E4FDC}"
EndProject
Project("{2150E333-8FDC-42A3-9474-1A3956D46DE8}") = "chapter16", "chapter16", "{F63EF80C-EB07-410A-BADD-8CE73AFBE10E}"
EndProject
Project("{FAE04EC0-301F-11D3-BF4B-00C04F79EFBC}") = "Section03", "Chapter16\Section03\Section03.csproj", "{DF3264C9-464A-4FDB-9DF1-747750F9BD98}"
EndProject
Project("{FAE04EC0-301F-11D3-BF4B-00C04F79EFBC}") = "Section04", "Chapter16\Section04\Section04.csproj", "{4C87E06A-570E-4FAE-9116-0EDBB1CF66A7}"
EndProject
Project("{2150E333-8FDC-42A3-9474-1A3956D46DE8}") = "chapter17", "chapter17", "{BCDEE18A-D212-4465-9C5B-171D286F29B8}"
EndProject
Project("{FAE04EC0-301F-11D3-BF4B-00C04F79EFBC}") = "Section01", "chapter17\Section01\Section01.csproj", "{B093CEFF-AFA0-4459-B157-B1DED45A0E16}"
EndProject
Project("{FAE04EC0-301F-11D3-BF4B-00C04F79EFBC}") = "Section02", "chapter17\Section02\Section02.csproj", "{74DFDC80-5AB4-42C8-A3E0-5576823FE360}"
EndProject
Project("{2150E333-8FDC-42A3-9474-1A3956D46DE8}") = "TemprateMethod", "TemprateMethod", "{21884B64-C84B-444A-885D-990C3C2C7082}"
EndProject
Project("{FAE04EC0-301F-11D3-BF4B-00C04F79EFBC}") = "TextFileProcessor", "chapter17\TemprateMethod\TextFileProcessor\TextFileProcessor.csproj", "{456BA13C-4B7C-420D-B607-5FB8FE0282D7}"
EndProject
Project("{FAE04EC0-301F-11D3-BF4B-00C04F79EFBC}") = "LineCounter", "chapter17\TemprateMethod\LineCounter\LineCounter.csproj", "{4B320B92-DF33-45B3-9A09-C49AF6E232A9}"
EndProject
Project("{2150E333-8FDC-42A3-9474-1A3956D46DE8}") = "Strategy", "Strategy", "{D0B0A987-6EA6-42FB-838C-2D2426E8C30B}"
EndProject
Project("{FAE04EC0-301F-11D3-BF4B-00C04F79EFBC}") = "DistanceConverter", "chapter17\Strategy\DistanceConverter\DistanceConverter.csproj", "{A4D5329C-85A5-4740-9A23-4AFEB32BDA12}"
EndProject
Project("{2150E333-8FDC-42A3-9474-1A3956D46DE8}") = "演習問題", "演習問題", "{A3D8DB29-0D36-420F-8109-3300A9689B42}"
EndProject
Project("{FAE04EC0-301F-11D3-BF4B-00C04F79EFBC}") = "Exercise01", "chapter17\演習問題\Exercise01\Exercise01.csproj", "{A1460C1F-67D4-47C1-82FA-B2D43F9C0589}"
EndProject
Project("{FAE04EC0-301F-11D3-BF4B-00C04F79EFBC}") = "TextNumberSizeChange", "chapter17\TemprateMethod\TextNumberSizeChange\TextNumberSizeChange.csproj", "{BC33E83E-D3F3-44A3-A3BD-DF864F963CA5}"
EndProject
Project("{2150E333-8FDC-42A3-9474-1A3956D46DE8}") = "WPF", "WPF", "{E9F18FD7-5CAF-48BE-8CEE-D2652B34348D}"
EndProject
Project("{FAE04EC0-301F-11D3-BF4B-00C04F79EFBC}") = "GridSample", "WPF\GridSample\GridSample.csproj", "{FBF96F0D-9555-4A12-8638-3F53850EA2B2}"
EndProject
Project("{FAE04EC0-301F-11D3-BF4B-00C04F79EFBC}") = "SampleApplication", "WPF\SampleApplication\SampleApplication.csproj", "{EA9E3BB0-45FB-4DE3-A67B-61161ECABD4A}"
EndProject
Project("{FAE04EC0-301F-11D3-BF4B-00C04F79EFBC}") = "SampleSlider", "WPF\SampleSlider\SampleSlider.csproj", "{0961662D-9AE4-4E78-9A0D-0ACA206E02EC}"
EndProject
Project("{FAE04EC0-301F-11D3-BF4B-00C04F79EFBC}") = "CollorChecker", "WPF\CollorChecker\CollorChecker.csproj", "{4845FE03-AF65-462F-9315-AAFCFB2FD61C}"
EndProject
Project("{FAE04EC0-301F-11D3-BF4B-00C04F79EFBC}") = "SampleUnitConverter", "WPF\SampleUnitConverter\SampleUnitConverter.csproj", "{35BB5F9C-E89E-4778-AAC9-08EF6FF4BCC3}"
EndProject
Project("{FAE04EC0-301F-11D3-BF4B-00C04F79EFBC}") = "SampleWeightUnitConverter", "WPF\SampleWeightUnitConverter\SampleWeightUnitConverter.csproj", "{6AE7A9A2-8293-4F42-96BD-6B5C4057E51B}"
EndProject
Project("{FAE04EC0-301F-11D3-BF4B-00C04F79EFBC}") = "VisibilityConverter", "WPF\VisibilityConberter\VisibilityConverter.csproj", "{E0C491CB-89E2-4DEC-9253-F9B928396A2D}"
EndProject
Project("{2150E333-8FDC-42A3-9474-1A3956D46DE8}") = "SQLite", "SQLite", "{471C498F-142E-4511-8610-3E0DF6F6B6D6}"
EndProject
Project("{FAE04EC0-301F-11D3-BF4B-00C04F79EFBC}") = "CustomerApp", "SQLite\CustomerApp\CustomerApp.csproj", "{41D21462-E594-41FE-8DB2-63B3A4F6D6E6}"
EndProject
Project("{2150E333-8FDC-42A3-9474-1A3956D46DE8}") = "Python", "Python", "{FA123AFC-CEB5-449A-9463-A25472F67199}"
EndProject
Project("{888888A0-9F3D-457C-B088-3A5042F75D52}") = "SamplePython", "Python\SamplePython\SamplePython.pyproj", "{408FFD87-4B6B-4030-84D8-32AE71A7F7AA}"
EndProject
Global
	GlobalSection(SolutionConfigurationPlatforms) = preSolution
		Debug|Any CPU = Debug|Any CPU
		Release|Any CPU = Release|Any CPU
	EndGlobalSection
	GlobalSection(ProjectConfigurationPlatforms) = postSolution
		{9695937F-69FF-424F-8F43-60A58E31F0C7}.Debug|Any CPU.ActiveCfg = Debug|Any CPU
		{9695937F-69FF-424F-8F43-60A58E31F0C7}.Debug|Any CPU.Build.0 = Debug|Any CPU
		{9695937F-69FF-424F-8F43-60A58E31F0C7}.Release|Any CPU.ActiveCfg = Release|Any CPU
		{9695937F-69FF-424F-8F43-60A58E31F0C7}.Release|Any CPU.Build.0 = Release|Any CPU
		{A40E29D6-F609-40C3-B562-FC28CA033B1E}.Debug|Any CPU.ActiveCfg = Debug|Any CPU
		{A40E29D6-F609-40C3-B562-FC28CA033B1E}.Debug|Any CPU.Build.0 = Debug|Any CPU
		{A40E29D6-F609-40C3-B562-FC28CA033B1E}.Release|Any CPU.ActiveCfg = Release|Any CPU
		{A40E29D6-F609-40C3-B562-FC28CA033B1E}.Release|Any CPU.Build.0 = Release|Any CPU
		{04CEDBE3-15A8-4ED7-8E68-6B2BE5E72826}.Debug|Any CPU.ActiveCfg = Debug|Any CPU
		{04CEDBE3-15A8-4ED7-8E68-6B2BE5E72826}.Debug|Any CPU.Build.0 = Debug|Any CPU
		{04CEDBE3-15A8-4ED7-8E68-6B2BE5E72826}.Release|Any CPU.ActiveCfg = Release|Any CPU
		{04CEDBE3-15A8-4ED7-8E68-6B2BE5E72826}.Release|Any CPU.Build.0 = Release|Any CPU
		{CF349533-B65C-463F-994E-C5B20BA86CF1}.Debug|Any CPU.ActiveCfg = Debug|Any CPU
		{CF349533-B65C-463F-994E-C5B20BA86CF1}.Debug|Any CPU.Build.0 = Debug|Any CPU
		{CF349533-B65C-463F-994E-C5B20BA86CF1}.Release|Any CPU.ActiveCfg = Release|Any CPU
		{CF349533-B65C-463F-994E-C5B20BA86CF1}.Release|Any CPU.Build.0 = Release|Any CPU
		{67ED775C-6F32-430D-BFBD-709B1E2B965B}.Debug|Any CPU.ActiveCfg = Debug|Any CPU
		{67ED775C-6F32-430D-BFBD-709B1E2B965B}.Debug|Any CPU.Build.0 = Debug|Any CPU
		{67ED775C-6F32-430D-BFBD-709B1E2B965B}.Release|Any CPU.ActiveCfg = Release|Any CPU
		{67ED775C-6F32-430D-BFBD-709B1E2B965B}.Release|Any CPU.Build.0 = Release|Any CPU
		{17A7F4BE-C1AE-4831-A1EE-DC20848F9AD9}.Debug|Any CPU.ActiveCfg = Debug|Any CPU
		{17A7F4BE-C1AE-4831-A1EE-DC20848F9AD9}.Debug|Any CPU.Build.0 = Debug|Any CPU
		{17A7F4BE-C1AE-4831-A1EE-DC20848F9AD9}.Release|Any CPU.ActiveCfg = Release|Any CPU
		{17A7F4BE-C1AE-4831-A1EE-DC20848F9AD9}.Release|Any CPU.Build.0 = Release|Any CPU
		{DD3DFFE5-02D4-4A83-A82E-420F88626A32}.Debug|Any CPU.ActiveCfg = Debug|Any CPU
		{DD3DFFE5-02D4-4A83-A82E-420F88626A32}.Debug|Any CPU.Build.0 = Debug|Any CPU
		{DD3DFFE5-02D4-4A83-A82E-420F88626A32}.Release|Any CPU.ActiveCfg = Release|Any CPU
		{DD3DFFE5-02D4-4A83-A82E-420F88626A32}.Release|Any CPU.Build.0 = Release|Any CPU
		{EEED0B83-9010-4DF6-9447-C9B45CBA50C9}.Debug|Any CPU.ActiveCfg = Debug|Any CPU
		{EEED0B83-9010-4DF6-9447-C9B45CBA50C9}.Debug|Any CPU.Build.0 = Debug|Any CPU
		{EEED0B83-9010-4DF6-9447-C9B45CBA50C9}.Release|Any CPU.ActiveCfg = Release|Any CPU
		{EEED0B83-9010-4DF6-9447-C9B45CBA50C9}.Release|Any CPU.Build.0 = Release|Any CPU
		{5B38C310-8772-4D13-B63F-87C5262211F2}.Debug|Any CPU.ActiveCfg = Debug|Any CPU
		{5B38C310-8772-4D13-B63F-87C5262211F2}.Debug|Any CPU.Build.0 = Debug|Any CPU
		{5B38C310-8772-4D13-B63F-87C5262211F2}.Release|Any CPU.ActiveCfg = Release|Any CPU
		{5B38C310-8772-4D13-B63F-87C5262211F2}.Release|Any CPU.Build.0 = Release|Any CPU
		{9A7BAAAF-D08B-4EAB-8224-469ADF8F5773}.Debug|Any CPU.ActiveCfg = Debug|Any CPU
		{9A7BAAAF-D08B-4EAB-8224-469ADF8F5773}.Debug|Any CPU.Build.0 = Debug|Any CPU
		{9A7BAAAF-D08B-4EAB-8224-469ADF8F5773}.Release|Any CPU.ActiveCfg = Release|Any CPU
		{9A7BAAAF-D08B-4EAB-8224-469ADF8F5773}.Release|Any CPU.Build.0 = Release|Any CPU
		{B38867EE-49AD-4BE4-921C-94A414B02CF6}.Debug|Any CPU.ActiveCfg = Debug|Any CPU
		{B38867EE-49AD-4BE4-921C-94A414B02CF6}.Debug|Any CPU.Build.0 = Debug|Any CPU
		{B38867EE-49AD-4BE4-921C-94A414B02CF6}.Release|Any CPU.ActiveCfg = Release|Any CPU
		{B38867EE-49AD-4BE4-921C-94A414B02CF6}.Release|Any CPU.Build.0 = Release|Any CPU
		{73B2706B-ED65-45BE-9778-E3E354ADC2DD}.Debug|Any CPU.ActiveCfg = Debug|Any CPU
		{73B2706B-ED65-45BE-9778-E3E354ADC2DD}.Debug|Any CPU.Build.0 = Debug|Any CPU
		{73B2706B-ED65-45BE-9778-E3E354ADC2DD}.Release|Any CPU.ActiveCfg = Release|Any CPU
		{73B2706B-ED65-45BE-9778-E3E354ADC2DD}.Release|Any CPU.Build.0 = Release|Any CPU
		{8B7554EF-FDCC-45D2-90D7-985064A34A8A}.Debug|Any CPU.ActiveCfg = Debug|Any CPU
		{8B7554EF-FDCC-45D2-90D7-985064A34A8A}.Debug|Any CPU.Build.0 = Debug|Any CPU
		{8B7554EF-FDCC-45D2-90D7-985064A34A8A}.Release|Any CPU.ActiveCfg = Release|Any CPU
		{8B7554EF-FDCC-45D2-90D7-985064A34A8A}.Release|Any CPU.Build.0 = Release|Any CPU
		{8F162073-1A37-40C7-B25A-901B4CD826D3}.Debug|Any CPU.ActiveCfg = Debug|Any CPU
		{8F162073-1A37-40C7-B25A-901B4CD826D3}.Debug|Any CPU.Build.0 = Debug|Any CPU
		{8F162073-1A37-40C7-B25A-901B4CD826D3}.Release|Any CPU.ActiveCfg = Release|Any CPU
		{8F162073-1A37-40C7-B25A-901B4CD826D3}.Release|Any CPU.Build.0 = Release|Any CPU
		{E5EAE0B2-98F6-4B93-9E39-30D1AB0175E0}.Debug|Any CPU.ActiveCfg = Debug|Any CPU
		{E5EAE0B2-98F6-4B93-9E39-30D1AB0175E0}.Debug|Any CPU.Build.0 = Debug|Any CPU
		{E5EAE0B2-98F6-4B93-9E39-30D1AB0175E0}.Release|Any CPU.ActiveCfg = Release|Any CPU
		{E5EAE0B2-98F6-4B93-9E39-30D1AB0175E0}.Release|Any CPU.Build.0 = Release|Any CPU
		{9A203E9F-5C11-469B-B528-BCECD8954D52}.Debug|Any CPU.ActiveCfg = Debug|Any CPU
		{9A203E9F-5C11-469B-B528-BCECD8954D52}.Debug|Any CPU.Build.0 = Debug|Any CPU
		{9A203E9F-5C11-469B-B528-BCECD8954D52}.Release|Any CPU.ActiveCfg = Release|Any CPU
		{9A203E9F-5C11-469B-B528-BCECD8954D52}.Release|Any CPU.Build.0 = Release|Any CPU
		{9A772C4E-A62E-415A-A7D1-73C03C8737AC}.Debug|Any CPU.ActiveCfg = Debug|Any CPU
		{9A772C4E-A62E-415A-A7D1-73C03C8737AC}.Debug|Any CPU.Build.0 = Debug|Any CPU
		{9A772C4E-A62E-415A-A7D1-73C03C8737AC}.Release|Any CPU.ActiveCfg = Release|Any CPU
		{9A772C4E-A62E-415A-A7D1-73C03C8737AC}.Release|Any CPU.Build.0 = Release|Any CPU
		{044AB8F0-382E-4FA1-B119-78E4C2E05EFB}.Debug|Any CPU.ActiveCfg = Debug|Any CPU
		{044AB8F0-382E-4FA1-B119-78E4C2E05EFB}.Debug|Any CPU.Build.0 = Debug|Any CPU
		{044AB8F0-382E-4FA1-B119-78E4C2E05EFB}.Release|Any CPU.ActiveCfg = Release|Any CPU
		{044AB8F0-382E-4FA1-B119-78E4C2E05EFB}.Release|Any CPU.Build.0 = Release|Any CPU
		{78AF6A85-C4C6-4D09-9F4F-B42A94B1E87C}.Debug|Any CPU.ActiveCfg = Debug|Any CPU
		{78AF6A85-C4C6-4D09-9F4F-B42A94B1E87C}.Debug|Any CPU.Build.0 = Debug|Any CPU
		{78AF6A85-C4C6-4D09-9F4F-B42A94B1E87C}.Release|Any CPU.ActiveCfg = Release|Any CPU
		{78AF6A85-C4C6-4D09-9F4F-B42A94B1E87C}.Release|Any CPU.Build.0 = Release|Any CPU
		{4C48D5F2-8F8D-42AF-A709-E78E7867C4A6}.Debug|Any CPU.ActiveCfg = Debug|Any CPU
		{4C48D5F2-8F8D-42AF-A709-E78E7867C4A6}.Debug|Any CPU.Build.0 = Debug|Any CPU
		{4C48D5F2-8F8D-42AF-A709-E78E7867C4A6}.Release|Any CPU.ActiveCfg = Release|Any CPU
		{4C48D5F2-8F8D-42AF-A709-E78E7867C4A6}.Release|Any CPU.Build.0 = Release|Any CPU
		{3FB2ACEC-6032-4313-A839-36C280D77AB7}.Debug|Any CPU.ActiveCfg = Debug|Any CPU
		{3FB2ACEC-6032-4313-A839-36C280D77AB7}.Debug|Any CPU.Build.0 = Debug|Any CPU
		{3FB2ACEC-6032-4313-A839-36C280D77AB7}.Release|Any CPU.ActiveCfg = Release|Any CPU
		{3FB2ACEC-6032-4313-A839-36C280D77AB7}.Release|Any CPU.Build.0 = Release|Any CPU
		{37B6B0D7-B825-4EDB-9526-2827DB00AA8D}.Debug|Any CPU.ActiveCfg = Debug|Any CPU
		{37B6B0D7-B825-4EDB-9526-2827DB00AA8D}.Debug|Any CPU.Build.0 = Debug|Any CPU
		{37B6B0D7-B825-4EDB-9526-2827DB00AA8D}.Release|Any CPU.ActiveCfg = Release|Any CPU
		{37B6B0D7-B825-4EDB-9526-2827DB00AA8D}.Release|Any CPU.Build.0 = Release|Any CPU
		{2BFACDC3-F44D-4199-8498-F5C3C4AC0335}.Debug|Any CPU.ActiveCfg = Debug|Any CPU
		{2BFACDC3-F44D-4199-8498-F5C3C4AC0335}.Debug|Any CPU.Build.0 = Debug|Any CPU
		{2BFACDC3-F44D-4199-8498-F5C3C4AC0335}.Release|Any CPU.ActiveCfg = Release|Any CPU
		{2BFACDC3-F44D-4199-8498-F5C3C4AC0335}.Release|Any CPU.Build.0 = Release|Any CPU
		{E461C0A8-8900-485C-B520-E929BA33F712}.Debug|Any CPU.ActiveCfg = Debug|Any CPU
		{E461C0A8-8900-485C-B520-E929BA33F712}.Debug|Any CPU.Build.0 = Debug|Any CPU
		{E461C0A8-8900-485C-B520-E929BA33F712}.Release|Any CPU.ActiveCfg = Release|Any CPU
		{E461C0A8-8900-485C-B520-E929BA33F712}.Release|Any CPU.Build.0 = Release|Any CPU
		{D6686482-3964-4C02-B80C-31FEB40AE4C8}.Debug|Any CPU.ActiveCfg = Debug|Any CPU
		{D6686482-3964-4C02-B80C-31FEB40AE4C8}.Debug|Any CPU.Build.0 = Debug|Any CPU
		{D6686482-3964-4C02-B80C-31FEB40AE4C8}.Release|Any CPU.ActiveCfg = Release|Any CPU
		{D6686482-3964-4C02-B80C-31FEB40AE4C8}.Release|Any CPU.Build.0 = Release|Any CPU
		{CD7CC689-15AE-4466-BD3E-4E88A65C8A30}.Debug|Any CPU.ActiveCfg = Debug|Any CPU
		{CD7CC689-15AE-4466-BD3E-4E88A65C8A30}.Debug|Any CPU.Build.0 = Debug|Any CPU
		{CD7CC689-15AE-4466-BD3E-4E88A65C8A30}.Release|Any CPU.ActiveCfg = Release|Any CPU
		{CD7CC689-15AE-4466-BD3E-4E88A65C8A30}.Release|Any CPU.Build.0 = Release|Any CPU
		{0DFFF069-0424-460B-87E5-83983EEA5015}.Debug|Any CPU.ActiveCfg = Debug|Any CPU
		{0DFFF069-0424-460B-87E5-83983EEA5015}.Debug|Any CPU.Build.0 = Debug|Any CPU
		{0DFFF069-0424-460B-87E5-83983EEA5015}.Release|Any CPU.ActiveCfg = Release|Any CPU
		{0DFFF069-0424-460B-87E5-83983EEA5015}.Release|Any CPU.Build.0 = Release|Any CPU
		{F1539EFE-7BA8-4527-84EF-7348F6E9FDF6}.Debug|Any CPU.ActiveCfg = Debug|Any CPU
		{F1539EFE-7BA8-4527-84EF-7348F6E9FDF6}.Debug|Any CPU.Build.0 = Debug|Any CPU
		{F1539EFE-7BA8-4527-84EF-7348F6E9FDF6}.Release|Any CPU.ActiveCfg = Release|Any CPU
		{F1539EFE-7BA8-4527-84EF-7348F6E9FDF6}.Release|Any CPU.Build.0 = Release|Any CPU
		{4725EABD-106E-4001-A60D-B6CDDB80D000}.Debug|Any CPU.ActiveCfg = Debug|Any CPU
		{4725EABD-106E-4001-A60D-B6CDDB80D000}.Debug|Any CPU.Build.0 = Debug|Any CPU
		{4725EABD-106E-4001-A60D-B6CDDB80D000}.Release|Any CPU.ActiveCfg = Release|Any CPU
		{4725EABD-106E-4001-A60D-B6CDDB80D000}.Release|Any CPU.Build.0 = Release|Any CPU
		{AD64E714-B40E-4C66-91C6-3BAE1038BC69}.Debug|Any CPU.ActiveCfg = Debug|Any CPU
		{AD64E714-B40E-4C66-91C6-3BAE1038BC69}.Debug|Any CPU.Build.0 = Debug|Any CPU
		{AD64E714-B40E-4C66-91C6-3BAE1038BC69}.Release|Any CPU.ActiveCfg = Release|Any CPU
		{AD64E714-B40E-4C66-91C6-3BAE1038BC69}.Release|Any CPU.Build.0 = Release|Any CPU
		{9629460F-6875-4F78-AFFB-A5FD0F63E783}.Debug|Any CPU.ActiveCfg = Debug|Any CPU
		{9629460F-6875-4F78-AFFB-A5FD0F63E783}.Debug|Any CPU.Build.0 = Debug|Any CPU
		{9629460F-6875-4F78-AFFB-A5FD0F63E783}.Release|Any CPU.ActiveCfg = Release|Any CPU
		{9629460F-6875-4F78-AFFB-A5FD0F63E783}.Release|Any CPU.Build.0 = Release|Any CPU
		{CD5964EB-AFEE-4D5E-8DE8-7FD477242481}.Debug|Any CPU.ActiveCfg = Debug|Any CPU
		{CD5964EB-AFEE-4D5E-8DE8-7FD477242481}.Debug|Any CPU.Build.0 = Debug|Any CPU
		{CD5964EB-AFEE-4D5E-8DE8-7FD477242481}.Release|Any CPU.ActiveCfg = Release|Any CPU
		{CD5964EB-AFEE-4D5E-8DE8-7FD477242481}.Release|Any CPU.Build.0 = Release|Any CPU
		{40F6910A-8BDB-4BA5-9AFC-AF845A98380B}.Debug|Any CPU.ActiveCfg = Debug|Any CPU
		{40F6910A-8BDB-4BA5-9AFC-AF845A98380B}.Debug|Any CPU.Build.0 = Debug|Any CPU
		{40F6910A-8BDB-4BA5-9AFC-AF845A98380B}.Release|Any CPU.ActiveCfg = Release|Any CPU
		{40F6910A-8BDB-4BA5-9AFC-AF845A98380B}.Release|Any CPU.Build.0 = Release|Any CPU
		{81918027-978F-41A5-B570-D87FD8CFFEA2}.Debug|Any CPU.ActiveCfg = Debug|Any CPU
		{81918027-978F-41A5-B570-D87FD8CFFEA2}.Debug|Any CPU.Build.0 = Debug|Any CPU
		{81918027-978F-41A5-B570-D87FD8CFFEA2}.Release|Any CPU.ActiveCfg = Release|Any CPU
		{81918027-978F-41A5-B570-D87FD8CFFEA2}.Release|Any CPU.Build.0 = Release|Any CPU
		{65689D78-3414-433E-A4E5-05F57C1C2C7A}.Debug|Any CPU.ActiveCfg = Debug|Any CPU
		{65689D78-3414-433E-A4E5-05F57C1C2C7A}.Debug|Any CPU.Build.0 = Debug|Any CPU
		{65689D78-3414-433E-A4E5-05F57C1C2C7A}.Release|Any CPU.ActiveCfg = Release|Any CPU
		{65689D78-3414-433E-A4E5-05F57C1C2C7A}.Release|Any CPU.Build.0 = Release|Any CPU
		{F5B1FBFF-F65F-4A3B-BD86-3041B3898DEC}.Debug|Any CPU.ActiveCfg = Debug|Any CPU
		{F5B1FBFF-F65F-4A3B-BD86-3041B3898DEC}.Debug|Any CPU.Build.0 = Debug|Any CPU
		{F5B1FBFF-F65F-4A3B-BD86-3041B3898DEC}.Release|Any CPU.ActiveCfg = Release|Any CPU
		{F5B1FBFF-F65F-4A3B-BD86-3041B3898DEC}.Release|Any CPU.Build.0 = Release|Any CPU
		{310DA07C-A493-4159-8BD1-5E24A6F0D8D9}.Debug|Any CPU.ActiveCfg = Debug|Any CPU
		{310DA07C-A493-4159-8BD1-5E24A6F0D8D9}.Debug|Any CPU.Build.0 = Debug|Any CPU
		{310DA07C-A493-4159-8BD1-5E24A6F0D8D9}.Release|Any CPU.ActiveCfg = Release|Any CPU
		{310DA07C-A493-4159-8BD1-5E24A6F0D8D9}.Release|Any CPU.Build.0 = Release|Any CPU
		{7A6367B6-D4C6-441B-8638-54368F2E045D}.Debug|Any CPU.ActiveCfg = Debug|Any CPU
		{7A6367B6-D4C6-441B-8638-54368F2E045D}.Debug|Any CPU.Build.0 = Debug|Any CPU
		{7A6367B6-D4C6-441B-8638-54368F2E045D}.Release|Any CPU.ActiveCfg = Release|Any CPU
		{7A6367B6-D4C6-441B-8638-54368F2E045D}.Release|Any CPU.Build.0 = Release|Any CPU
		{F3D2105B-A7BD-42EA-B0A9-14056D649D8E}.Debug|Any CPU.ActiveCfg = Debug|Any CPU
		{F3D2105B-A7BD-42EA-B0A9-14056D649D8E}.Debug|Any CPU.Build.0 = Debug|Any CPU
		{F3D2105B-A7BD-42EA-B0A9-14056D649D8E}.Release|Any CPU.ActiveCfg = Release|Any CPU
		{F3D2105B-A7BD-42EA-B0A9-14056D649D8E}.Release|Any CPU.Build.0 = Release|Any CPU
		{A1963150-0409-4FE4-926E-2EE0FA7DD4A0}.Debug|Any CPU.ActiveCfg = Debug|Any CPU
		{A1963150-0409-4FE4-926E-2EE0FA7DD4A0}.Debug|Any CPU.Build.0 = Debug|Any CPU
		{A1963150-0409-4FE4-926E-2EE0FA7DD4A0}.Release|Any CPU.ActiveCfg = Release|Any CPU
		{A1963150-0409-4FE4-926E-2EE0FA7DD4A0}.Release|Any CPU.Build.0 = Release|Any CPU
		{FD4CBE0B-0D49-420C-823C-61F31DE220C0}.Debug|Any CPU.ActiveCfg = Debug|Any CPU
		{FD4CBE0B-0D49-420C-823C-61F31DE220C0}.Debug|Any CPU.Build.0 = Debug|Any CPU
		{FD4CBE0B-0D49-420C-823C-61F31DE220C0}.Release|Any CPU.ActiveCfg = Release|Any CPU
		{FD4CBE0B-0D49-420C-823C-61F31DE220C0}.Release|Any CPU.Build.0 = Release|Any CPU
		{F018A501-1032-4BB1-823C-65FCAA2E4FDC}.Debug|Any CPU.ActiveCfg = Debug|Any CPU
		{F018A501-1032-4BB1-823C-65FCAA2E4FDC}.Debug|Any CPU.Build.0 = Debug|Any CPU
		{F018A501-1032-4BB1-823C-65FCAA2E4FDC}.Release|Any CPU.ActiveCfg = Release|Any CPU
		{F018A501-1032-4BB1-823C-65FCAA2E4FDC}.Release|Any CPU.Build.0 = Release|Any CPU
		{DF3264C9-464A-4FDB-9DF1-747750F9BD98}.Debug|Any CPU.ActiveCfg = Debug|Any CPU
		{DF3264C9-464A-4FDB-9DF1-747750F9BD98}.Debug|Any CPU.Build.0 = Debug|Any CPU
		{DF3264C9-464A-4FDB-9DF1-747750F9BD98}.Release|Any CPU.ActiveCfg = Release|Any CPU
		{DF3264C9-464A-4FDB-9DF1-747750F9BD98}.Release|Any CPU.Build.0 = Release|Any CPU
		{4C87E06A-570E-4FAE-9116-0EDBB1CF66A7}.Debug|Any CPU.ActiveCfg = Debug|Any CPU
		{4C87E06A-570E-4FAE-9116-0EDBB1CF66A7}.Debug|Any CPU.Build.0 = Debug|Any CPU
		{4C87E06A-570E-4FAE-9116-0EDBB1CF66A7}.Release|Any CPU.ActiveCfg = Release|Any CPU
		{4C87E06A-570E-4FAE-9116-0EDBB1CF66A7}.Release|Any CPU.Build.0 = Release|Any CPU
		{B093CEFF-AFA0-4459-B157-B1DED45A0E16}.Debug|Any CPU.ActiveCfg = Debug|Any CPU
		{B093CEFF-AFA0-4459-B157-B1DED45A0E16}.Debug|Any CPU.Build.0 = Debug|Any CPU
		{B093CEFF-AFA0-4459-B157-B1DED45A0E16}.Release|Any CPU.ActiveCfg = Release|Any CPU
		{B093CEFF-AFA0-4459-B157-B1DED45A0E16}.Release|Any CPU.Build.0 = Release|Any CPU
		{74DFDC80-5AB4-42C8-A3E0-5576823FE360}.Debug|Any CPU.ActiveCfg = Debug|Any CPU
		{74DFDC80-5AB4-42C8-A3E0-5576823FE360}.Debug|Any CPU.Build.0 = Debug|Any CPU
		{74DFDC80-5AB4-42C8-A3E0-5576823FE360}.Release|Any CPU.ActiveCfg = Release|Any CPU
		{74DFDC80-5AB4-42C8-A3E0-5576823FE360}.Release|Any CPU.Build.0 = Release|Any CPU
		{456BA13C-4B7C-420D-B607-5FB8FE0282D7}.Debug|Any CPU.ActiveCfg = Debug|Any CPU
		{456BA13C-4B7C-420D-B607-5FB8FE0282D7}.Debug|Any CPU.Build.0 = Debug|Any CPU
		{456BA13C-4B7C-420D-B607-5FB8FE0282D7}.Release|Any CPU.ActiveCfg = Release|Any CPU
		{456BA13C-4B7C-420D-B607-5FB8FE0282D7}.Release|Any CPU.Build.0 = Release|Any CPU
		{4B320B92-DF33-45B3-9A09-C49AF6E232A9}.Debug|Any CPU.ActiveCfg = Debug|Any CPU
		{4B320B92-DF33-45B3-9A09-C49AF6E232A9}.Debug|Any CPU.Build.0 = Debug|Any CPU
		{4B320B92-DF33-45B3-9A09-C49AF6E232A9}.Release|Any CPU.ActiveCfg = Release|Any CPU
		{4B320B92-DF33-45B3-9A09-C49AF6E232A9}.Release|Any CPU.Build.0 = Release|Any CPU
		{A4D5329C-85A5-4740-9A23-4AFEB32BDA12}.Debug|Any CPU.ActiveCfg = Debug|Any CPU
		{A4D5329C-85A5-4740-9A23-4AFEB32BDA12}.Debug|Any CPU.Build.0 = Debug|Any CPU
		{A4D5329C-85A5-4740-9A23-4AFEB32BDA12}.Release|Any CPU.ActiveCfg = Release|Any CPU
		{A4D5329C-85A5-4740-9A23-4AFEB32BDA12}.Release|Any CPU.Build.0 = Release|Any CPU
		{A1460C1F-67D4-47C1-82FA-B2D43F9C0589}.Debug|Any CPU.ActiveCfg = Debug|Any CPU
		{A1460C1F-67D4-47C1-82FA-B2D43F9C0589}.Debug|Any CPU.Build.0 = Debug|Any CPU
		{A1460C1F-67D4-47C1-82FA-B2D43F9C0589}.Release|Any CPU.ActiveCfg = Release|Any CPU
		{A1460C1F-67D4-47C1-82FA-B2D43F9C0589}.Release|Any CPU.Build.0 = Release|Any CPU
		{BC33E83E-D3F3-44A3-A3BD-DF864F963CA5}.Debug|Any CPU.ActiveCfg = Debug|Any CPU
		{BC33E83E-D3F3-44A3-A3BD-DF864F963CA5}.Debug|Any CPU.Build.0 = Debug|Any CPU
		{BC33E83E-D3F3-44A3-A3BD-DF864F963CA5}.Release|Any CPU.ActiveCfg = Release|Any CPU
		{BC33E83E-D3F3-44A3-A3BD-DF864F963CA5}.Release|Any CPU.Build.0 = Release|Any CPU
		{FBF96F0D-9555-4A12-8638-3F53850EA2B2}.Debug|Any CPU.ActiveCfg = Debug|Any CPU
		{FBF96F0D-9555-4A12-8638-3F53850EA2B2}.Debug|Any CPU.Build.0 = Debug|Any CPU
		{FBF96F0D-9555-4A12-8638-3F53850EA2B2}.Release|Any CPU.ActiveCfg = Release|Any CPU
		{FBF96F0D-9555-4A12-8638-3F53850EA2B2}.Release|Any CPU.Build.0 = Release|Any CPU
		{EA9E3BB0-45FB-4DE3-A67B-61161ECABD4A}.Debug|Any CPU.ActiveCfg = Debug|Any CPU
		{EA9E3BB0-45FB-4DE3-A67B-61161ECABD4A}.Debug|Any CPU.Build.0 = Debug|Any CPU
		{EA9E3BB0-45FB-4DE3-A67B-61161ECABD4A}.Release|Any CPU.ActiveCfg = Release|Any CPU
		{EA9E3BB0-45FB-4DE3-A67B-61161ECABD4A}.Release|Any CPU.Build.0 = Release|Any CPU
		{0961662D-9AE4-4E78-9A0D-0ACA206E02EC}.Debug|Any CPU.ActiveCfg = Debug|Any CPU
		{0961662D-9AE4-4E78-9A0D-0ACA206E02EC}.Debug|Any CPU.Build.0 = Debug|Any CPU
		{0961662D-9AE4-4E78-9A0D-0ACA206E02EC}.Release|Any CPU.ActiveCfg = Release|Any CPU
		{0961662D-9AE4-4E78-9A0D-0ACA206E02EC}.Release|Any CPU.Build.0 = Release|Any CPU
		{4845FE03-AF65-462F-9315-AAFCFB2FD61C}.Debug|Any CPU.ActiveCfg = Debug|Any CPU
		{4845FE03-AF65-462F-9315-AAFCFB2FD61C}.Debug|Any CPU.Build.0 = Debug|Any CPU
		{4845FE03-AF65-462F-9315-AAFCFB2FD61C}.Release|Any CPU.ActiveCfg = Release|Any CPU
		{4845FE03-AF65-462F-9315-AAFCFB2FD61C}.Release|Any CPU.Build.0 = Release|Any CPU
		{35BB5F9C-E89E-4778-AAC9-08EF6FF4BCC3}.Debug|Any CPU.ActiveCfg = Debug|Any CPU
		{35BB5F9C-E89E-4778-AAC9-08EF6FF4BCC3}.Debug|Any CPU.Build.0 = Debug|Any CPU
		{35BB5F9C-E89E-4778-AAC9-08EF6FF4BCC3}.Release|Any CPU.ActiveCfg = Release|Any CPU
		{35BB5F9C-E89E-4778-AAC9-08EF6FF4BCC3}.Release|Any CPU.Build.0 = Release|Any CPU
		{6AE7A9A2-8293-4F42-96BD-6B5C4057E51B}.Debug|Any CPU.ActiveCfg = Debug|Any CPU
		{6AE7A9A2-8293-4F42-96BD-6B5C4057E51B}.Debug|Any CPU.Build.0 = Debug|Any CPU
		{6AE7A9A2-8293-4F42-96BD-6B5C4057E51B}.Release|Any CPU.ActiveCfg = Release|Any CPU
		{6AE7A9A2-8293-4F42-96BD-6B5C4057E51B}.Release|Any CPU.Build.0 = Release|Any CPU
		{E0C491CB-89E2-4DEC-9253-F9B928396A2D}.Debug|Any CPU.ActiveCfg = Debug|Any CPU
		{E0C491CB-89E2-4DEC-9253-F9B928396A2D}.Debug|Any CPU.Build.0 = Debug|Any CPU
		{E0C491CB-89E2-4DEC-9253-F9B928396A2D}.Release|Any CPU.ActiveCfg = Release|Any CPU
		{E0C491CB-89E2-4DEC-9253-F9B928396A2D}.Release|Any CPU.Build.0 = Release|Any CPU
		{41D21462-E594-41FE-8DB2-63B3A4F6D6E6}.Debug|Any CPU.ActiveCfg = Debug|Any CPU
		{41D21462-E594-41FE-8DB2-63B3A4F6D6E6}.Debug|Any CPU.Build.0 = Debug|Any CPU
		{41D21462-E594-41FE-8DB2-63B3A4F6D6E6}.Release|Any CPU.ActiveCfg = Release|Any CPU
		{41D21462-E594-41FE-8DB2-63B3A4F6D6E6}.Release|Any CPU.Build.0 = Release|Any CPU
		{408FFD87-4B6B-4030-84D8-32AE71A7F7AA}.Debug|Any CPU.ActiveCfg = Debug|Any CPU
		{408FFD87-4B6B-4030-84D8-32AE71A7F7AA}.Release|Any CPU.ActiveCfg = Release|Any CPU
	EndGlobalSection
	GlobalSection(SolutionProperties) = preSolution
		HideSolutionNode = FALSE
	EndGlobalSection
	GlobalSection(NestedProjects) = preSolution
		{9695937F-69FF-424F-8F43-60A58E31F0C7} = {93E40DD7-713F-41D6-93B2-5A8D9F8DB63F}
		{A40E29D6-F609-40C3-B562-FC28CA033B1E} = {93E40DD7-713F-41D6-93B2-5A8D9F8DB63F}
		{029739F4-4FBC-46C4-9975-F50A9AE44430} = {A7B1CD48-3EE3-4CAE-82A6-83E67F558BF9}
		{04CEDBE3-15A8-4ED7-8E68-6B2BE5E72826} = {029739F4-4FBC-46C4-9975-F50A9AE44430}
		{F002CE5F-BFF9-4B14-B6D1-2B0184351375} = {A7B1CD48-3EE3-4CAE-82A6-83E67F558BF9}
		{CF349533-B65C-463F-994E-C5B20BA86CF1} = {F002CE5F-BFF9-4B14-B6D1-2B0184351375}
		{40ACD14B-EF7E-4C7E-98B4-8814C0C2966B} = {A7B1CD48-3EE3-4CAE-82A6-83E67F558BF9}
		{67ED775C-6F32-430D-BFBD-709B1E2B965B} = {40ACD14B-EF7E-4C7E-98B4-8814C0C2966B}
		{17A7F4BE-C1AE-4831-A1EE-DC20848F9AD9} = {40ACD14B-EF7E-4C7E-98B4-8814C0C2966B}
		{DD3DFFE5-02D4-4A83-A82E-420F88626A32} = {C0A4DD68-AFBE-400E-8055-D1942BED34CC}
		{EEED0B83-9010-4DF6-9447-C9B45CBA50C9} = {991DC188-4151-4F7D-821B-FB6B7E24738C}
		{F658EAE6-1D04-404A-A8B4-3BE3A3DA04F8} = {991DC188-4151-4F7D-821B-FB6B7E24738C}
		{5B38C310-8772-4D13-B63F-87C5262211F2} = {F658EAE6-1D04-404A-A8B4-3BE3A3DA04F8}
		{9A7BAAAF-D08B-4EAB-8224-469ADF8F5773} = {F658EAE6-1D04-404A-A8B4-3BE3A3DA04F8}
		{B38867EE-49AD-4BE4-921C-94A414B02CF6} = {772A3F81-E699-4F53-AB13-66DD697863D5}
		{96E55141-9800-405E-B690-014DFC5D0323} = {772A3F81-E699-4F53-AB13-66DD697863D5}
		{73B2706B-ED65-45BE-9778-E3E354ADC2DD} = {96E55141-9800-405E-B690-014DFC5D0323}
		{8B7554EF-FDCC-45D2-90D7-985064A34A8A} = {96E55141-9800-405E-B690-014DFC5D0323}
		{4556243B-2C26-412E-9400-2983F5E25B35} = {B1AAFEB5-7AE2-4BB2-A739-3DBC71F987A6}
		{8F162073-1A37-40C7-B25A-901B4CD826D3} = {4556243B-2C26-412E-9400-2983F5E25B35}
		{E5EAE0B2-98F6-4B93-9E39-30D1AB0175E0} = {4556243B-2C26-412E-9400-2983F5E25B35}
		{9A203E9F-5C11-469B-B528-BCECD8954D52} = {4556243B-2C26-412E-9400-2983F5E25B35}
		{9A772C4E-A62E-415A-A7D1-73C03C8737AC} = {4556243B-2C26-412E-9400-2983F5E25B35}
		{044AB8F0-382E-4FA1-B119-78E4C2E05EFB} = {444ED9D4-D880-4FDB-B982-897A6FDE47C8}
		{EB4533E4-139F-441F-A1C2-0DEF9940AF03} = {444ED9D4-D880-4FDB-B982-897A6FDE47C8}
		{78AF6A85-C4C6-4D09-9F4F-B42A94B1E87C} = {EB4533E4-139F-441F-A1C2-0DEF9940AF03}
		{4C48D5F2-8F8D-42AF-A709-E78E7867C4A6} = {EB4533E4-139F-441F-A1C2-0DEF9940AF03}
		{3FB2ACEC-6032-4313-A839-36C280D77AB7} = {D45C89CD-2348-4A8E-991C-ACAB9A2E5F8C}
		{37B6B0D7-B825-4EDB-9526-2827DB00AA8D} = {D45C89CD-2348-4A8E-991C-ACAB9A2E5F8C}
		{2BFACDC3-F44D-4199-8498-F5C3C4AC0335} = {7D074719-AFB5-4BDC-BAFA-21DD4D201BA4}
		{E461C0A8-8900-485C-B520-E929BA33F712} = {7D074719-AFB5-4BDC-BAFA-21DD4D201BA4}
		{D6686482-3964-4C02-B80C-31FEB40AE4C8} = {D45C89CD-2348-4A8E-991C-ACAB9A2E5F8C}
		{CD7CC689-15AE-4466-BD3E-4E88A65C8A30} = {D45C89CD-2348-4A8E-991C-ACAB9A2E5F8C}
		{0DFFF069-0424-460B-87E5-83983EEA5015} = {D7EE0BBF-8C81-4D6E-B462-2CFF90639AD0}
		{F1539EFE-7BA8-4527-84EF-7348F6E9FDF6} = {C0A4DD68-AFBE-400E-8055-D1942BED34CC}
		{0F458B90-6265-4064-980B-412795848B2C} = {D7EE0BBF-8C81-4D6E-B462-2CFF90639AD0}
		{4725EABD-106E-4001-A60D-B6CDDB80D000} = {0F458B90-6265-4064-980B-412795848B2C}
		{AD64E714-B40E-4C66-91C6-3BAE1038BC69} = {C0A4DD68-AFBE-400E-8055-D1942BED34CC}
		{9629460F-6875-4F78-AFFB-A5FD0F63E783} = {AD73F42B-7D3A-40C4-9B8B-DA4DA452B5E5}
		{CD5964EB-AFEE-4D5E-8DE8-7FD477242481} = {5CAAEF7E-21BF-473D-9136-AC275F54825C}
		{D0D52B45-6F75-4776-A5E2-33CFC78A6C3F} = {5CAAEF7E-21BF-473D-9136-AC275F54825C}
		{40F6910A-8BDB-4BA5-9AFC-AF845A98380B} = {D0D52B45-6F75-4776-A5E2-33CFC78A6C3F}
		{81918027-978F-41A5-B570-D87FD8CFFEA2} = {5CAAEF7E-21BF-473D-9136-AC275F54825C}
		{65689D78-3414-433E-A4E5-05F57C1C2C7A} = {8AEF553F-0B24-4A10-8A70-A8A61BCC859B}
		{F5916922-506B-435F-A963-32BB09C7E94F} = {8AEF553F-0B24-4A10-8A70-A8A61BCC859B}
		{F5B1FBFF-F65F-4A3B-BD86-3041B3898DEC} = {F5916922-506B-435F-A963-32BB09C7E94F}
		{310DA07C-A493-4159-8BD1-5E24A6F0D8D9} = {8AEF553F-0B24-4A10-8A70-A8A61BCC859B}
		{7A6367B6-D4C6-441B-8638-54368F2E045D} = {C0A4DD68-AFBE-400E-8055-D1942BED34CC}
		{F3D2105B-A7BD-42EA-B0A9-14056D649D8E} = {154C9F9C-55F9-47F7-85CB-660CD595CA0F}
		{A1963150-0409-4FE4-926E-2EE0FA7DD4A0} = {C0A4DD68-AFBE-400E-8055-D1942BED34CC}
		{FD4CBE0B-0D49-420C-823C-61F31DE220C0} = {8C2DC523-6D3E-408A-9CF0-AE65E09962CE}
		{C512ECC0-AC82-481C-B9E6-209A211FC62D} = {8C2DC523-6D3E-408A-9CF0-AE65E09962CE}
		{F018A501-1032-4BB1-823C-65FCAA2E4FDC} = {C512ECC0-AC82-481C-B9E6-209A211FC62D}
		{DF3264C9-464A-4FDB-9DF1-747750F9BD98} = {F63EF80C-EB07-410A-BADD-8CE73AFBE10E}
		{4C87E06A-570E-4FAE-9116-0EDBB1CF66A7} = {F63EF80C-EB07-410A-BADD-8CE73AFBE10E}
		{B093CEFF-AFA0-4459-B157-B1DED45A0E16} = {BCDEE18A-D212-4465-9C5B-171D286F29B8}
		{74DFDC80-5AB4-42C8-A3E0-5576823FE360} = {BCDEE18A-D212-4465-9C5B-171D286F29B8}
		{21884B64-C84B-444A-885D-990C3C2C7082} = {BCDEE18A-D212-4465-9C5B-171D286F29B8}
		{456BA13C-4B7C-420D-B607-5FB8FE0282D7} = {21884B64-C84B-444A-885D-990C3C2C7082}
		{4B320B92-DF33-45B3-9A09-C49AF6E232A9} = {21884B64-C84B-444A-885D-990C3C2C7082}
		{D0B0A987-6EA6-42FB-838C-2D2426E8C30B} = {BCDEE18A-D212-4465-9C5B-171D286F29B8}
		{A4D5329C-85A5-4740-9A23-4AFEB32BDA12} = {D0B0A987-6EA6-42FB-838C-2D2426E8C30B}
		{A3D8DB29-0D36-420F-8109-3300A9689B42} = {BCDEE18A-D212-4465-9C5B-171D286F29B8}
		{A1460C1F-67D4-47C1-82FA-B2D43F9C0589} = {A3D8DB29-0D36-420F-8109-3300A9689B42}
		{BC33E83E-D3F3-44A3-A3BD-DF864F963CA5} = {BCDEE18A-D212-4465-9C5B-171D286F29B8}
		{FBF96F0D-9555-4A12-8638-3F53850EA2B2} = {E9F18FD7-5CAF-48BE-8CEE-D2652B34348D}
		{EA9E3BB0-45FB-4DE3-A67B-61161ECABD4A} = {E9F18FD7-5CAF-48BE-8CEE-D2652B34348D}
		{0961662D-9AE4-4E78-9A0D-0ACA206E02EC} = {E9F18FD7-5CAF-48BE-8CEE-D2652B34348D}
		{4845FE03-AF65-462F-9315-AAFCFB2FD61C} = {E9F18FD7-5CAF-48BE-8CEE-D2652B34348D}
		{35BB5F9C-E89E-4778-AAC9-08EF6FF4BCC3} = {E9F18FD7-5CAF-48BE-8CEE-D2652B34348D}
		{6AE7A9A2-8293-4F42-96BD-6B5C4057E51B} = {E9F18FD7-5CAF-48BE-8CEE-D2652B34348D}
		{E0C491CB-89E2-4DEC-9253-F9B928396A2D} = {E9F18FD7-5CAF-48BE-8CEE-D2652B34348D}
		{41D21462-E594-41FE-8DB2-63B3A4F6D6E6} = {471C498F-142E-4511-8610-3E0DF6F6B6D6}
		{408FFD87-4B6B-4030-84D8-32AE71A7F7AA} = {FA123AFC-CEB5-449A-9463-A25472F67199}
	EndGlobalSection
	GlobalSection(ExtensibilityGlobals) = postSolution
		SolutionGuid = {079A67D4-A613-40D2-A24B-6788C5E92DA0}
	EndGlobalSection
EndGlobal
